
Microsoft Visual Studio Solution File, Format Version 12.00
# Visual Studio 2013
VisualStudioVersion = 12.0.31101.0
MinimumVisualStudioVersion = 10.0.40219.1
Project("{FAE04EC0-301F-11D3-BF4B-00C04F79EFBC}") = "Mmmm.ODataBackend", "ODataBackend/Mmmm.ODataBackend.csproj", "{ED436FDE-4C39-4C77-834F-6443EAC60360}"
EndProject
Project("{FAE04EC0-301F-11D3-BF4B-00C04F79EFBC}") = "Mmmm.Objects", "Objects/Mmmm.Objects.csproj", "{803967E3-3D08-4788-AF79-BAE6EED1FBF1}"
EndProject
Global
	GlobalSection(SolutionConfigurationPlatforms) = preSolution
Debug|Any CPU = Debug|Any CPU
Release|Any CPU = Release|Any CPU
	EndGlobalSection
	GlobalSection(ProjectConfigurationPlatforms) = postSolution
		{ED436FDE-4C39-4C77-834F-6443EAC60360}.Debug|Any CPU.ActiveCfg = Debug|Any CPU
		{ED436FDE-4C39-4C77-834F-6443EAC60360}.Debug|Any CPU.Build.0 = Debug|Any CPU
		{ED436FDE-4C39-4C77-834F-6443EAC60360}.Release|Any CPU.ActiveCfg = Release|Any CPU
		{ED436FDE-4C39-4C77-834F-6443EAC60360}.Release|Any CPU.Build.0 = Release|Any CPU
		{803967E3-3D08-4788-AF79-BAE6EED1FBF1}.Debug|Any CPU.ActiveCfg = Debug|Any CPU
		{803967E3-3D08-4788-AF79-BAE6EED1FBF1}.Debug|Any CPU.Build.0 = Debug|Any CPU
		{803967E3-3D08-4788-AF79-BAE6EED1FBF1}.Release|Any CPU.ActiveCfg = Release|Any CPU
		{803967E3-3D08-4788-AF79-BAE6EED1FBF1}.Release|Any CPU.Build.0 = Release|Any CPU
	EndGlobalSection
	GlobalSection(SolutionProperties) = preSolution
		HideSolutionNode = FALSE
	EndGlobalSection
EndGlobal
